{
  "requires": true,
  "lockfileVersion": 1,
  "dependencies": {
    "@clr/angular": {
      "version": "0.11.20",
      "resolved": "https://registry.npmjs.org/@clr/angular/-/angular-0.11.20.tgz",
      "integrity": "sha1-0nQuM5V955Xmy3PJT8zNrdbuyLQ=",
      "requires": {
        "tslib": "1.9.2"
      }
    },
    "@clr/icons": {
      "version": "0.11.20",
      "resolved": "https://registry.npmjs.org/@clr/icons/-/icons-0.11.20.tgz",
      "integrity": "sha1-MPZ2/kzn4eBabyVO39I0+qxSvrk="
    },
    "@clr/ui": {
      "version": "0.11.20",
      "resolved": "https://registry.npmjs.org/@clr/ui/-/ui-0.11.20.tgz",
      "integrity": "sha1-tD4paOUTZG7VGtNdhMvAu+qHB/w="
    },
    "@webcomponents/custom-elements": {
      "version": "1.0.0",
      "resolved": "https://registry.npmjs.org/@webcomponents/custom-elements/-/custom-elements-1.0.0.tgz",
      "integrity": "sha1-sXJuEgdLVWqjG5Pzb/agOkNSWcQ="
    },
    "tslib": {
      "version": "1.9.2",
      "resolved": "https://registry.npmjs.org/tslib/-/tslib-1.9.2.tgz",
      "integrity": "sha512-AVP5Xol3WivEr7hnssHDsaM+lVrVXWUvd1cfXTRkTj80b//6g2wIFEH6hZG0muGZRnHGrfttpdzRk3YlBkWjKw=="
    }
  }
}
